
Microsoft Visual Studio Solution File, Format Version 12.00
# Visual Studio Version 16
VisualStudioVersion = 16.0.30907.101
MinimumVisualStudioVersion = 10.0.40219.1
Project("{FAE04EC0-301F-11D3-BF4B-00C04F79EFBC}") = "Util.Criptografia", "Util.Criptografia\Util.Criptografia.csproj", "{1BF45949-E2C8-492D-8A50-3352E12AADF8}"
EndProject
Global
	GlobalSection(SolutionConfigurationPlatforms) = preSolution
		Debug|Any CPU = Debug|Any CPU
		Release|Any CPU = Release|Any CPU
	EndGlobalSection
	GlobalSection(ProjectConfigurationPlatforms) = postSolution
		{1BF45949-E2C8-492D-8A50-3352E12AADF8}.Debug|Any CPU.ActiveCfg = Debug|Any CPU
		{1BF45949-E2C8-492D-8A50-3352E12AADF8}.Debug|Any CPU.Build.0 = Debug|Any CPU
		{1BF45949-E2C8-492D-8A50-3352E12AADF8}.Release|Any CPU.ActiveCfg = Release|Any CPU
		{1BF45949-E2C8-492D-8A50-3352E12AADF8}.Release|Any CPU.Build.0 = Release|Any CPU
	EndGlobalSection
	GlobalSection(SolutionProperties) = preSolution
		HideSolutionNode = FALSE
	EndGlobalSection
	GlobalSection(ExtensibilityGlobals) = postSolution
		SolutionGuid = {CD69DA82-A975-4B2E-82CA-8AD28AC7B838}
	EndGlobalSection
EndGlobal
